
Microsoft Visual Studio Solution File, Format Version 12.00
# Visual Studio Version 17
VisualStudioVersion = 17.6.33417.168
MinimumVisualStudioVersion = 10.0.40219.1
Project("{FAE04EC0-301F-11D3-BF4B-00C04F79EFBC}") = "Core.Security", "Core.Security\Core.Security.csproj", "{D6BFF261-C01A-49A5-B994-DA0C097F152E}"
EndProject
Global
	GlobalSection(SolutionConfigurationPlatforms) = preSolution
		Debug|Any CPU = Debug|Any CPU
		Release|Any CPU = Release|Any CPU
	EndGlobalSection
	GlobalSection(ProjectConfigurationPlatforms) = postSolution
		{D6BFF261-C01A-49A5-B994-DA0C097F152E}.Debug|Any CPU.ActiveCfg = Debug|Any CPU
		{D6BFF261-C01A-49A5-B994-DA0C097F152E}.Debug|Any CPU.Build.0 = Debug|Any CPU
		{D6BFF261-C01A-49A5-B994-DA0C097F152E}.Release|Any CPU.ActiveCfg = Release|Any CPU
		{D6BFF261-C01A-49A5-B994-DA0C097F152E}.Release|Any CPU.Build.0 = Release|Any CPU
	EndGlobalSection
	GlobalSection(SolutionProperties) = preSolution
		HideSolutionNode = FALSE
	EndGlobalSection
	GlobalSection(ExtensibilityGlobals) = postSolution
		SolutionGuid = {BD56667F-8F82-4BC3-BD80-D6211BCA8181}
	EndGlobalSection
EndGlobal
